// !$*UTF8*$!
{
	archiveVersion = 1;
	classes = {
	};
	objectVersion = 56;
	objects = {

/* Begin PBXBuildFile section */
		108EAA392A719A1B00721705 /* User.swift in Sources */ = {isa = PBXBuildFile; fileRef = 108EAA382A719A1B00721705 /* User.swift */; };
		108EAA3D2A71D69A00721705 /* PushViewController.swift in Sources */ = {isa = PBXBuildFile; fileRef = 108EAA3C2A71D69A00721705 /* PushViewController.swift */; };
		108EAA3F2A71D6A900721705 /* PushStoryboard.storyboard in Resources */ = {isa = PBXBuildFile; fileRef = 108EAA3E2A71D6A900721705 /* PushStoryboard.storyboard */; };
		108EAA412A71D6BE00721705 /* ModalStoryboard.storyboard in Resources */ = {isa = PBXBuildFile; fileRef = 108EAA402A71D6BE00721705 /* ModalStoryboard.storyboard */; };
		108EAA432A71D6E200721705 /* ModalViewController.swift in Sources */ = {isa = PBXBuildFile; fileRef = 108EAA422A71D6E200721705 /* ModalViewController.swift */; };
		10D3F0EC2A6F4FD200D7FC37 /* AppDelegate.swift in Sources */ = {isa = PBXBuildFile; fileRef = 10D3F0EB2A6F4FD200D7FC37 /* AppDelegate.swift */; };
		10D3F0EE2A6F4FD200D7FC37 /* SceneDelegate.swift in Sources */ = {isa = PBXBuildFile; fileRef = 10D3F0ED2A6F4FD200D7FC37 /* SceneDelegate.swift */; };
		10D3F0F52A6F4FD400D7FC37 /* Assets.xcassets in Resources */ = {isa = PBXBuildFile; fileRef = 10D3F0F42A6F4FD400D7FC37 /* Assets.xcassets */; };
		10D3F0F82A6F4FD400D7FC37 /* LaunchScreen.storyboard in Resources */ = {isa = PBXBuildFile; fileRef = 10D3F0F62A6F4FD400D7FC37 /* LaunchScreen.storyboard */; };
		10D3F1042A708F6300D7FC37 /* SignUpStoryboard.storyboard in Resources */ = {isa = PBXBuildFile; fileRef = 10D3F1032A708F6300D7FC37 /* SignUpStoryboard.storyboard */; };
		10D3F1092A70906100D7FC37 /* SignUpViewController.swift in Sources */ = {isa = PBXBuildFile; fileRef = 10D3F1082A70906100D7FC37 /* SignUpViewController.swift */; };
		10D3F10B2A70909A00D7FC37 /* FirstViewController.swift in Sources */ = {isa = PBXBuildFile; fileRef = 10D3F10A2A70909A00D7FC37 /* FirstViewController.swift */; };
		10D3F10D2A7090AD00D7FC37 /* FirstStoryboard.storyboard in Resources */ = {isa = PBXBuildFile; fileRef = 10D3F10C2A7090AD00D7FC37 /* FirstStoryboard.storyboard */; };
/* End PBXBuildFile section */

/* Begin PBXFileReference section */
		108EAA382A719A1B00721705 /* User.swift */ = {isa = PBXFileReference; lastKnownFileType = sourcecode.swift; path = User.swift; sourceTree = "<group>"; };
		108EAA3C2A71D69A00721705 /* PushViewController.swift */ = {isa = PBXFileReference; lastKnownFileType = sourcecode.swift; path = PushViewController.swift; sourceTree = "<group>"; };
		108EAA3E2A71D6A900721705 /* PushStoryboard.storyboard */ = {isa = PBXFileReference; lastKnownFileType = file.storyboard; path = PushStoryboard.storyboard; sourceTree = "<group>"; };
		108EAA402A71D6BE00721705 /* ModalStoryboard.storyboard */ = {isa = PBXFileReference; lastKnownFileType = file.storyboard; path = ModalStoryboard.storyboard; sourceTree = "<group>"; };
		108EAA422A71D6E200721705 /* ModalViewController.swift */ = {isa = PBXFileReference; lastKnownFileType = sourcecode.swift; path = ModalViewController.swift; sourceTree = "<group>"; };
		10D3F0E82A6F4FD200D7FC37 /* MyFirstApp.app */ = {isa = PBXFileReference; explicitFileType = wrapper.application; includeInIndex = 0; path = MyFirstApp.app; sourceTree = BUILT_PRODUCTS_DIR; };
		10D3F0EB2A6F4FD200D7FC37 /* AppDelegate.swift */ = {isa = PBXFileReference; lastKnownFileType = sourcecode.swift; path = AppDelegate.swift; sourceTree = "<group>"; };
		10D3F0ED2A6F4FD200D7FC37 /* SceneDelegate.swift */ = {isa = PBXFileReference; lastKnownFileType = sourcecode.swift; path = SceneDelegate.swift; sourceTree = "<group>"; };
		10D3F0F42A6F4FD400D7FC37 /* Assets.xcassets */ = {isa = PBXFileReference; lastKnownFileType = folder.assetcatalog; path = Assets.xcassets; sourceTree = "<group>"; };
		10D3F0F72A6F4FD400D7FC37 /* Base */ = {isa = PBXFileReference; lastKnownFileType = file.storyboard; name = Base; path = Base.lproj/LaunchScreen.storyboard; sourceTree = "<group>"; };
		10D3F0F92A6F4FD400D7FC37 /* Info.plist */ = {isa = PBXFileReference; lastKnownFileType = text.plist.xml; path = Info.plist; sourceTree = "<group>"; };
		10D3F1032A708F6300D7FC37 /* SignUpStoryboard.storyboard */ = {isa = PBXFileReference; lastKnownFileType = file.storyboard; path = SignUpStoryboard.storyboard; sourceTree = "<group>"; };
		10D3F1082A70906100D7FC37 /* SignUpViewController.swift */ = {isa = PBXFileReference; lastKnownFileType = sourcecode.swift; path = SignUpViewController.swift; sourceTree = "<group>"; };
		10D3F10A2A70909A00D7FC37 /* FirstViewController.swift */ = {isa = PBXFileReference; lastKnownFileType = sourcecode.swift; path = FirstViewController.swift; sourceTree = "<group>"; };
		10D3F10C2A7090AD00D7FC37 /* FirstStoryboard.storyboard */ = {isa = PBXFileReference; lastKnownFileType = file.storyboard; path = FirstStoryboard.storyboard; sourceTree = "<group>"; };
/* End PBXFileReference section */

/* Begin PBXFrameworksBuildPhase section */
		10D3F0E52A6F4FD200D7FC37 /* Frameworks */ = {
			isa = PBXFrameworksBuildPhase;
			buildActionMask = 2147483647;
			files = (
			);
			runOnlyForDeploymentPostprocessing = 0;
		};
/* End PBXFrameworksBuildPhase section */

/* Begin PBXGroup section */
		108EAA3A2A71C21200721705 /* ModalView */ = {
			isa = PBXGroup;
			children = (
				108EAA402A71D6BE00721705 /* ModalStoryboard.storyboard */,
				108EAA422A71D6E200721705 /* ModalViewController.swift */,
			);
			path = ModalView;
			sourceTree = "<group>";
		};
		108EAA3B2A71C22600721705 /* PushView */ = {
			isa = PBXGroup;
			children = (
				108EAA3C2A71D69A00721705 /* PushViewController.swift */,
				108EAA3E2A71D6A900721705 /* PushStoryboard.storyboard */,
			);
			path = PushView;
			sourceTree = "<group>";
		};
		10D3F0DF2A6F4FD200D7FC37 = {
			isa = PBXGroup;
			children = (
				10D3F0EA2A6F4FD200D7FC37 /* MyFirstApp */,
				10D3F0E92A6F4FD200D7FC37 /* Products */,
			);
			sourceTree = "<group>";
		};
		10D3F0E92A6F4FD200D7FC37 /* Products */ = {
			isa = PBXGroup;
			children = (
				10D3F0E82A6F4FD200D7FC37 /* MyFirstApp.app */,
			);
			name = Products;
			sourceTree = "<group>";
		};
		10D3F0EA2A6F4FD200D7FC37 /* MyFirstApp */ = {
			isa = PBXGroup;
			children = (
				108EAA3B2A71C22600721705 /* PushView */,
				108EAA3A2A71C21200721705 /* ModalView */,
				10D3F1052A70901100D7FC37 /* FirstView */,
				10D3F1002A708E9D00D7FC37 /* SignUp */,
				10D3F0EB2A6F4FD200D7FC37 /* AppDelegate.swift */,
				10D3F0ED2A6F4FD200D7FC37 /* SceneDelegate.swift */,
				10D3F0F42A6F4FD400D7FC37 /* Assets.xcassets */,
				10D3F0F62A6F4FD400D7FC37 /* LaunchScreen.storyboard */,
				10D3F0F92A6F4FD400D7FC37 /* Info.plist */,
			);
			path = MyFirstApp;
			sourceTree = "<group>";
		};
		10D3F1002A708E9D00D7FC37 /* SignUp */ = {
			isa = PBXGroup;
			children = (
				10D3F1032A708F6300D7FC37 /* SignUpStoryboard.storyboard */,
				10D3F1082A70906100D7FC37 /* SignUpViewController.swift */,
				108EAA382A719A1B00721705 /* User.swift */,
			);
			path = SignUp;
			sourceTree = "<group>";
		};
		10D3F1052A70901100D7FC37 /* FirstView */ = {
			isa = PBXGroup;
			children = (
				10D3F10A2A70909A00D7FC37 /* FirstViewController.swift */,
				10D3F10C2A7090AD00D7FC37 /* FirstStoryboard.storyboard */,
			);
			path = FirstView;
			sourceTree = "<group>";
		};
/* End PBXGroup section */

/* Begin PBXNativeTarget section */
		10D3F0E72A6F4FD200D7FC37 /* MyFirstApp */ = {
			isa = PBXNativeTarget;
			buildConfigurationList = 10D3F0FC2A6F4FD400D7FC37 /* Build configuration list for PBXNativeTarget "MyFirstApp" */;
			buildPhases = (
				10D3F0E42A6F4FD200D7FC37 /* Sources */,
				10D3F0E52A6F4FD200D7FC37 /* Frameworks */,
				10D3F0E62A6F4FD200D7FC37 /* Resources */,
			);
			buildRules = (
			);
			dependencies = (
			);
			name = MyFirstApp;
			productName = MyFirstApp;
			productReference = 10D3F0E82A6F4FD200D7FC37 /* MyFirstApp.app */;
			productType = "com.apple.product-type.application";
		};
/* End PBXNativeTarget section */

/* Begin PBXProject section */
		10D3F0E02A6F4FD200D7FC37 /* Project object */ = {
			isa = PBXProject;
			attributes = {
				BuildIndependentTargetsInParallel = 1;
				LastSwiftUpdateCheck = 1430;
				LastUpgradeCheck = 1430;
				TargetAttributes = {
					10D3F0E72A6F4FD200D7FC37 = {
						CreatedOnToolsVersion = 14.3.1;
					};
				};
			};
			buildConfigurationList = 10D3F0E32A6F4FD200D7FC37 /* Build configuration list for PBXProject "MyFirstApp" */;
			compatibilityVersion = "Xcode 14.0";
			developmentRegion = en;
			hasScannedForEncodings = 0;
			knownRegions = (
				en,
				Base,
			);
			mainGroup = 10D3F0DF2A6F4FD200D7FC37;
			productRefGroup = 10D3F0E92A6F4FD200D7FC37 /* Products */;
			projectDirPath = "";
			projectRoot = "";
			targets = (
				10D3F0E72A6F4FD200D7FC37 /* MyFirstApp */,
			);
		};
/* End PBXProject section */

/* Begin PBXResourcesBuildPhase section */
		10D3F0E62A6F4FD200D7FC37 /* Resources */ = {
			isa = PBXResourcesBuildPhase;
			buildActionMask = 2147483647;
			files = (
				108EAA3F2A71D6A900721705 /* PushStoryboard.storyboard in Resources */,
				10D3F0F82A6F4FD400D7FC37 /* LaunchScreen.storyboard in Resources */,
				10D3F1042A708F6300D7FC37 /* SignUpStoryboard.storyboard in Resources */,
				108EAA412A71D6BE00721705 /* ModalStoryboard.storyboard in Resources */,
				10D3F10D2A7090AD00D7FC37 /* FirstStoryboard.storyboard in Resources */,
				10D3F0F52A6F4FD400D7FC37 /* Assets.xcassets in Resources */,
			);
			runOnlyForDeploymentPostprocessing = 0;
		};
/* End PBXResourcesBuildPhase section */

/* Begin PBXSourcesBuildPhase section */
		10D3F0E42A6F4FD200D7FC37 /* Sources */ = {
			isa = PBXSourcesBuildPhase;
			buildActionMask = 2147483647;
			files = (
				10D3F1092A70906100D7FC37 /* SignUpViewController.swift in Sources */,
				10D3F0EC2A6F4FD200D7FC37 /* AppDelegate.swift in Sources */,
				108EAA3D2A71D69A00721705 /* PushViewController.swift in Sources */,
				10D3F0EE2A6F4FD200D7FC37 /* SceneDelegate.swift in Sources */,
				108EAA392A719A1B00721705 /* User.swift in Sources */,
				10D3F10B2A70909A00D7FC37 /* FirstViewController.swift in Sources */,
				108EAA432A71D6E200721705 /* ModalViewController.swift in Sources */,
			);
			runOnlyForDeploymentPostprocessing = 0;
		};
/* End PBXSourcesBuildPhase section */

/* Begin PBXVariantGroup section */
		10D3F0F62A6F4FD400D7FC37 /* LaunchScreen.storyboard */ = {
			isa = PBXVariantGroup;
			children = (
				10D3F0F72A6F4FD400D7FC37 /* Base */,
			);
			name = LaunchScreen.storyboard;
			sourceTree = "<group>";
		};
/* End PBXVariantGroup section */

/* Begin XCBuildConfiguration section */
		10D3F0FA2A6F4FD400D7FC37 /* Debug */ = {
			isa = XCBuildConfiguration;
			buildSettings = {
				ALWAYS_SEARCH_USER_PATHS = NO;
				CLANG_ANALYZER_NONNULL = YES;
				CLANG_ANALYZER_NUMBER_OBJECT_CONVERSION = YES_AGGRESSIVE;
				CLANG_CXX_LANGUAGE_STANDARD = "gnu++20";
				CLANG_ENABLE_MODULES = YES;
				CLANG_ENABLE_OBJC_ARC = YES;
				CLANG_ENABLE_OBJC_WEAK = YES;
				CLANG_WARN_BLOCK_CAPTURE_AUTORELEASING = YES;
				CLANG_WARN_BOOL_CONVERSION = YES;
				CLANG_WARN_COMMA = YES;
				CLANG_WARN_CONSTANT_CONVERSION = YES;
				CLANG_WARN_DEPRECATED_OBJC_IMPLEMENTATIONS = YES;
				CLANG_WARN_DIRECT_OBJC_ISA_USAGE = YES_ERROR;
				CLANG_WARN_DOCUMENTATION_COMMENTS = YES;
				CLANG_WARN_EMPTY_BODY = YES;
				CLANG_WARN_ENUM_CONVERSION = YES;
				CLANG_WARN_INFINITE_RECURSION = YES;
				CLANG_WARN_INT_CONVERSION = YES;
				CLANG_WARN_NON_LITERAL_NULL_CONVERSION = YES;
				CLANG_WARN_OBJC_IMPLICIT_RETAIN_SELF = YES;
				CLANG_WARN_OBJC_LITERAL_CONVERSION = YES;
				CLANG_WARN_OBJC_ROOT_CLASS = YES_ERROR;
				CLANG_WARN_QUOTED_INCLUDE_IN_FRAMEWORK_HEADER = YES;
				CLANG_WARN_RANGE_LOOP_ANALYSIS = YES;
				CLANG_WARN_STRICT_PROTOTYPES = YES;
				CLANG_WARN_SUSPICIOUS_MOVE = YES;
				CLANG_WARN_UNGUARDED_AVAILABILITY = YES_AGGRESSIVE;
				CLANG_WARN_UNREACHABLE_CODE = YES;
				CLANG_WARN__DUPLICATE_METHOD_MATCH = YES;
				COPY_PHASE_STRIP = NO;
				DEBUG_INFORMATION_FORMAT = dwarf;
				ENABLE_STRICT_OBJC_MSGSEND = YES;
				ENABLE_TESTABILITY = YES;
				GCC_C_LANGUAGE_STANDARD = gnu11;
				GCC_DYNAMIC_NO_PIC = NO;
				GCC_NO_COMMON_BLOCKS = YES;
				GCC_OPTIMIZATION_LEVEL = 0;
				GCC_PREPROCESSOR_DEFINITIONS = (
					"DEBUG=1",
					"$(inherited)",
				);
				GCC_WARN_64_TO_32_BIT_CONVERSION = YES;
				GCC_WARN_ABOUT_RETURN_TYPE = YES_ERROR;
				GCC_WARN_UNDECLARED_SELECTOR = YES;
				GCC_WARN_UNINITIALIZED_AUTOS = YES_AGGRESSIVE;
				GCC_WARN_UNUSED_FUNCTION = YES;
				GCC_WARN_UNUSED_VARIABLE = YES;
				IPHONEOS_DEPLOYMENT_TARGET = 16.4;
				MTL_ENABLE_DEBUG_INFO = INCLUDE_SOURCE;
				MTL_FAST_MATH = YES;
				ONLY_ACTIVE_ARCH = YES;
				SDKROOT = iphoneos;
				SWIFT_ACTIVE_COMPILATION_CONDITIONS = DEBUG;
				SWIFT_OPTIMIZATION_LEVEL = "-Onone";
			};
			name = Debug;
		};
		10D3F0FB2A6F4FD400D7FC37 /* Release */ = {
			isa = XCBuildConfiguration;
			buildSettings = {
				ALWAYS_SEARCH_USER_PATHS = NO;
				CLANG_ANALYZER_NONNULL = YES;
				CLANG_ANALYZER_NUMBER_OBJECT_CONVERSION = YES_AGGRESSIVE;
				CLANG_CXX_LANGUAGE_STANDARD = "gnu++20";
				CLANG_ENABLE_MODULES = YES;
				CLANG_ENABLE_OBJC_ARC = YES;
				CLANG_ENABLE_OBJC_WEAK = YES;
				CLANG_WARN_BLOCK_CAPTURE_AUTORELEASING = YES;
				CLANG_WARN_BOOL_CONVERSION = YES;
				CLANG_WARN_COMMA = YES;
				CLANG_WARN_CONSTANT_CONVERSION = YES;
				CLANG_WARN_DEPRECATED_OBJC_IMPLEMENTATIONS = YES;
				CLANG_WARN_DIRECT_OBJC_ISA_USAGE = YES_ERROR;
				CLANG_WARN_DOCUMENTATION_COMMENTS = YES;
				CLANG_WARN_EMPTY_BODY = YES;
				CLANG_WARN_ENUM_CONVERSION = YES;
				CLANG_WARN_INFINITE_RECURSION = YES;
				CLANG_WARN_INT_CONVERSION = YES;
				CLANG_WARN_NON_LITERAL_NULL_CONVERSION = YES;
				CLANG_WARN_OBJC_IMPLICIT_RETAIN_SELF = YES;
				CLANG_WARN_OBJC_LITERAL_CONVERSION = YES;
				CLANG_WARN_OBJC_ROOT_CLASS = YES_ERROR;
				CLANG_WARN_QUOTED_INCLUDE_IN_FRAMEWORK_HEADER = YES;
				CLANG_WARN_RANGE_LOOP_ANALYSIS = YES;
				CLANG_WARN_STRICT_PROTOTYPES = YES;
				CLANG_WARN_SUSPICIOUS_MOVE = YES;
				CLANG_WARN_UNGUARDED_AVAILABILITY = YES_AGGRESSIVE;
				CLANG_WARN_UNREACHABLE_CODE = YES;
				CLANG_WARN__DUPLICATE_METHOD_MATCH = YES;
				COPY_PHASE_STRIP = NO;
				DEBUG_INFORMATION_FORMAT = "dwarf-with-dsym";
				ENABLE_NS_ASSERTIONS = NO;
				ENABLE_STRICT_OBJC_MSGSEND = YES;
				GCC_C_LANGUAGE_STANDARD = gnu11;
				GCC_NO_COMMON_BLOCKS = YES;
				GCC_WARN_64_TO_32_BIT_CONVERSION = YES;
				GCC_WARN_ABOUT_RETURN_TYPE = YES_ERROR;
				GCC_WARN_UNDECLARED_SELECTOR = YES;
				GCC_WARN_UNINITIALIZED_AUTOS = YES_AGGRESSIVE;
				GCC_WARN_UNUSED_FUNCTION = YES;
				GCC_WARN_UNUSED_VARIABLE = YES;
				IPHONEOS_DEPLOYMENT_TARGET = 16.4;
				MTL_ENABLE_DEBUG_INFO = NO;
				MTL_FAST_MATH = YES;
				SDKROOT = iphoneos;
				SWIFT_COMPILATION_MODE = wholemodule;
				SWIFT_OPTIMIZATION_LEVEL = "-O";
				VALIDATE_PRODUCT = YES;
			};
			name = Release;
		};
		10D3F0FD2A6F4FD400D7FC37 /* Debug */ = {
			isa = XCBuildConfiguration;
			buildSettings = {
				ASSETCATALOG_COMPILER_APPICON_NAME = AppIcon;
				ASSETCATALOG_COMPILER_GLOBAL_ACCENT_COLOR_NAME = AccentColor;
				CODE_SIGN_STYLE = Automatic;
				CURRENT_PROJECT_VERSION = 1;
				DEVELOPMENT_TEAM = F5B36CQ9BQ;
				GENERATE_INFOPLIST_FILE = YES;
				INFOPLIST_FILE = MyFirstApp/Info.plist;
				INFOPLIST_KEY_UIApplicationSupportsIndirectInputEvents = YES;
				INFOPLIST_KEY_UILaunchStoryboardName = LaunchScreen;
				INFOPLIST_KEY_UISupportedInterfaceOrientations_iPad = "UIInterfaceOrientationPortrait UIInterfaceOrientationPortraitUpsideDown UIInterfaceOrientationLandscapeLeft UIInterfaceOrientationLandscapeRight";
				INFOPLIST_KEY_UISupportedInterfaceOrientations_iPhone = "UIInterfaceOrientationPortrait UIInterfaceOrientationLandscapeLeft UIInterfaceOrientationLandscapeRight";
				LD_RUNPATH_SEARCH_PATHS = (
					"$(inherited)",
					"@executable_path/Frameworks",
				);
				MARKETING_VERSION = 1.0;
				PRODUCT_BUNDLE_IDENTIFIER = Cristian.MyFirstApp;
				PRODUCT_NAME = "$(TARGET_NAME)";
				SWIFT_EMIT_LOC_STRINGS = YES;
				SWIFT_VERSION = 5.0;
				TARGETED_DEVICE_FAMILY = "1,2";
			};
			name = Debug;
		};
		10D3F0FE2A6F4FD400D7FC37 /* Release */ = {
			isa = XCBuildConfiguration;
			buildSettings = {
				ASSETCATALOG_COMPILER_APPICON_NAME = AppIcon;
				ASSETCATALOG_COMPILER_GLOBAL_ACCENT_COLOR_NAME = AccentColor;
				CODE_SIGN_STYLE = Automatic;
				CURRENT_PROJECT_VERSION = 1;
				DEVELOPMENT_TEAM = F5B36CQ9BQ;
				GENERATE_INFOPLIST_FILE = YES;
				INFOPLIST_FILE = MyFirstApp/Info.plist;
				INFOPLIST_KEY_UIApplicationSupportsIndirectInputEvents = YES;
				INFOPLIST_KEY_UILaunchStoryboardName = LaunchScreen;
				INFOPLIST_KEY_UISupportedInterfaceOrientations_iPad = "UIInterfaceOrientationPortrait UIInterfaceOrientationPortraitUpsideDown UIInterfaceOrientationLandscapeLeft UIInterfaceOrientationLandscapeRight";
				INFOPLIST_KEY_UISupportedInterfaceOrientations_iPhone = "UIInterfaceOrientationPortrait UIInterfaceOrientationLandscapeLeft UIInterfaceOrientationLandscapeRight";
				LD_RUNPATH_SEARCH_PATHS = (
					"$(inherited)",
					"@executable_path/Frameworks",
				);
				MARKETING_VERSION = 1.0;
				PRODUCT_BUNDLE_IDENTIFIER = Cristian.MyFirstApp;
				PRODUCT_NAME = "$(TARGET_NAME)";
				SWIFT_EMIT_LOC_STRINGS = YES;
				SWIFT_VERSION = 5.0;
				TARGETED_DEVICE_FAMILY = "1,2";
			};
			name = Release;
		};
/* End XCBuildConfiguration section */

/* Begin XCConfigurationList section */
		10D3F0E32A6F4FD200D7FC37 /* Build configuration list for PBXProject "MyFirstApp" */ = {
			isa = XCConfigurationList;
			buildConfigurations = (
				10D3F0FA2A6F4FD400D7FC37 /* Debug */,
				10D3F0FB2A6F4FD400D7FC37 /* Release */,
			);
			defaultConfigurationIsVisible = 0;
			defaultConfigurationName = Release;
		};
		10D3F0FC2A6F4FD400D7FC37 /* Build configuration list for PBXNativeTarget "MyFirstApp" */ = {
			isa = XCConfigurationList;
			buildConfigurations = (
				10D3F0FD2A6F4FD400D7FC37 /* Debug */,
				10D3F0FE2A6F4FD400D7FC37 /* Release */,
			);
			defaultConfigurationIsVisible = 0;
			defaultConfigurationName = Release;
		};
/* End XCConfigurationList section */
	};
	rootObject = 10D3F0E02A6F4FD200D7FC37 /* Project object */;
}
